github.com/andybalholm/brotli v1.0.6 h1:Yf9fFpf49Zrxb9NlQaluyE92/+X7UVHlhMNJN2sxfOI=
github.com/andybalholm/brotli v1.0.6/go.mod h1:fO7iG3H7G2nSZ7m0zPUDn85XEX2GTukHGRSepvi9Eig=
github.com/elazarl/goproxy v1.9.1 h1:1gQuANpCxN2UQKWwkNPpWqAk1LnAMYuBxqfIdU8mMoE=
github.com/elazarl/goproxy v1.9.1/go.mod h1:THdE5ix2clxX9lZzcICPpZ67d6CdrPZxdOYsNgU5e30=
github.com/elazarl/goproxy/ext v0.0.0-20260904162650-e540bd6f11f6 h1:aSjr8FYdCGBnqKhUKCfPj2z15t7Q4om9FNLTyQJ8lbM=
github.com/elazarl/goproxy/ext v0.0.0-20260904162650-e540bd6f11f6/go.mod h1:BDldqheoTMmnZfXEweTXUIoJr2lPAFsEfG+uiSF6Cac=
github.com/klauspost/compress v1.17.4 h1:Ej5ixsIri7BrIjBkRZLTo6ghwrEtHFk7ijlczPW4fZ4=
github.com/klauspost/compress v1.17.4/go.mod h1:/dCuZOvVtNoHsyb+cuJD3itjs3NbnF6KH9zAO4BDxPM=
golang.org/x/net v0.50.0 h1:ucWh9eiCGyDR3vtzso0WMQinm2Dnt8cFMuQa9K33J60=
golang.org/x/net v0.50.0/go.mod h1:UgoSli3F/pBgdJBHCTc+tp3gmrU4XswgGRgtnwWTfyM=
golang.org/x/text v0.34.0 h1:oL/Qq0Kdaqxa1KbNeMKwQq0reLCCaFtqu2eNuSeNHbk=
golang.org/x/text v0.34.0/go.mod h1:homfLqTYRFyVYemLBFl5GgL/DWEiH5wcsQ5gSh1yziA=
