github.com/andybalholm/brotli v1.0.6 h1:Yf9fFpf49Zrxb9NlQaluyE92/+X7UVHlhMNJN2sxfOI=
github.com/andybalholm/brotli v1.0.6/go.mod h1:fO7iG3H7G2nSZ7m0zPUDn85XEX2GTukHGRSepvi9Eig=
github.com/enetx/g v1.1.0 h1:Hd8cFCeLOiLQIoqhhe1CaRp9/lgi1mFRC91H/+NRxis=
github.com/enetx/g v1.1.0/go.mod h1:nVdbiRFOVdOb/TDVPB3gMaMd8161Wv6dQZYdqvg9IHE=
github.com/enetx/http v1.0.29 h1:B+NVXEN7vTAVYI+kZbx06Jqh/WwhHfUT8nG6OiRpQ78=
github.com/enetx/http v1.0.29/go.mod h1:1f4mytfF/SfjATEJnynpwGS6aa1ALjb8DtmYgFVblY0=
github.com/enetx/http2 v1.0.26 h1:wy3lYGVwnIUY4Q+gyPPQCJ1a+BMXD1B7Unpyc/Csrxc=
github.com/enetx/http2 v1.0.26/go.mod h1:t54ex5HIS8V1+2j6cvEOv6umlrHsbUPFKQ54nYB58Nk=
github.com/enetx/http3 v1.0.9 h1:TN/QdJNu463zgyJc84XqHevjaOkXGc6Suq+u32v1cvU=
github.com/enetx/http3 v1.0.9/go.mod h1:z6JWrv7d27bY8av5zSLfIXSCCNbdGphM371JNLKE07g=
github.com/enetx/surf v1.0.206 h1:PO5oOTxuzejBH78VbFYzr0zviV2RVa5Ord65Sl3OWW8=
github.com/enetx/surf v1.0.206/go.mod h1:E2aV9TcL9zF/Zm6eXUgzF93VFozfALap2QQhEeBRc2A=
github.com/klauspost/compress v1.17.4 h1:Ej5ixsIri7BrIjBkRZLTo6ghwrEtHFk7ijlczPW4fZ4=
github.com/klauspost/compress v1.17.4/go.mod h1:/dCuZOvVtNoHsyb+cuJD3itjs3NbnF6KH9zAO4BDxPM=
github.com/quic-go/qpack v0.6.0 h1:g7W+BMYynC1LbYLSqRt8PBg5Tgwxn214ZZR34VIOjz8=
github.com/quic-go/qpack v0.6.0/go.mod h1:lUpLKChi8njB4ty2bFLX2x4gzDqXwUpaO1DP9qMDZII=
github.com/quic-go/quic-go v0.61.0 h1:ui88A53s8MSVYLC56en0KQ17HARk+9986Dn0SBfKNvA=
github.com/quic-go/quic-go v0.61.0/go.mod h1:9So2anK4Tp22URSQq00k+Vo2PNkle96ycDPDHL4s9vs=
github.com/refraction-networking/utls v1.8.3-0.20260623165621-880e27d8b0e5 h1:I/IOtgzmM5XMCLflEYU1UEl7HMBF9k256yXkS4z6dtM=
github.com/refraction-networking/utls v1.8.3-0.20260623165621-880e27d8b0e5/go.mod h1:jkSOEkLqn+S/jtpEHPOsVv/4V4EVnelwbMQl4vCWXAM=
github.com/wzshiming/socks5 v0.7.0 h1:euJ+U48WrvVngi+opC8vAnpZ5sK12y1C2hPvb1f48Rg=
github.com/wzshiming/socks5 v0.7.0/go.mod h1:BvCAqlzocQN5xwLjBZDBbvWlrx8sCYSSbHEOf2wZgT0=
golang.org/x/crypto v0.54.0 h1:YLIA59K4fiNzHzjnZt2tUJQjQtUWfWbeHBqKtk3eScw=
golang.org/x/crypto v0.54.0/go.mod h1:KWL8ny2AZdGR2cWmzeHrp2azQPGogOv+HeQaVEXC2dk=
golang.org/x/net v0.56.0 h1:Rw8j/hFzGvJUZwNBXnAtf5sVDVt+65SK2C7IxCxZt5o=
golang.org/x/net v0.56.0/go.mod h1:D3Ku6r+V6JROoZK144D2XfMHFcMq/0zSfLelVTCFKec=
golang.org/x/sys v0.47.0 h1:o7XGOvZQCADBQQ4Y7VNq2dRWQR7JmOUW8Kxx4ZsNgWs=
golang.org/x/sys v0.47.0/go.mod h1:4GL1E5IUh+htKOUEOaiffhrAeqysfVGipDYzABqnCmw=
golang.org/x/text v0.40.0 h1:Ub2Z6/xjgF1WrYQz2nuITOEegKFtiIy+rieRJ5lHZKs=
golang.org/x/text v0.40.0/go.mod h1:hpnzDAfGV753zIKo+wk3u1bVKCGPbrnF7+7LBF/UHVY=
